
Microsoft Visual Studio Solution File, Format Version 12.00
# Visual Studio Version 17
VisualStudioVersion = 17.14.36511.14 d17.14
MinimumVisualStudioVersion = 10.0.40219.1
Project("{FAE04EC0-301F-11D3-BF4B-00C04F79EFBC}") = "MenuManager", "MenuManager.csproj", "{81CB57F0-4C48-432D-8179-92FB1DFE9B81}"
EndProject
Global
	GlobalSection(SolutionConfigurationPlatforms) = preSolution
		Debug|Any CPU = Debug|Any CPU
		Release|Any CPU = Release|Any CPU
	EndGlobalSection
	GlobalSection(ProjectConfigurationPlatforms) = postSolution
		{81CB57F0-4C48-432D-8179-92FB1DFE9B81}.Debug|Any CPU.ActiveCfg = Debug|Any CPU
		{81CB57F0-4C48-432D-8179-92FB1DFE9B81}.Debug|Any CPU.Build.0 = Debug|Any CPU
		{81CB57F0-4C48-432D-8179-92FB1DFE9B81}.Release|Any CPU.ActiveCfg = Release|Any CPU
		{81CB57F0-4C48-432D-8179-92FB1DFE9B81}.Release|Any CPU.Build.0 = Release|Any CPU
	EndGlobalSection
	GlobalSection(SolutionProperties) = preSolution
		HideSolutionNode = FALSE
	EndGlobalSection
	GlobalSection(ExtensibilityGlobals) = postSolution
		SolutionGuid = {048701BF-6A81-4B51-B4EE-3D6517E7CAFE}
	EndGlobalSection
EndGlobal
